
Microsoft Visual Studio Solution File, Format Version 12.00
# Visual Studio Version 17
VisualStudioVersion = 17.14.36518.9 d17.14
MinimumVisualStudioVersion = 10.0.40219.1
Project("{FAE04EC0-301F-11D3-BF4B-00C04F79EFBC}") = "GiftoftheGiversFoundation", "GiftoftheGiversFoundation\GiftoftheGiversFoundation.csproj", "{C0F2A09D-9A03-4B8C-A215-70EDA61119EA}"
EndProject
Global
	GlobalSection(SolutionConfigurationPlatforms) = preSolution
		Debug|Any CPU = Debug|Any CPU
		Release|Any CPU = Release|Any CPU
	EndGlobalSection
	GlobalSection(ProjectConfigurationPlatforms) = postSolution
		{C0F2A09D-9A03-4B8C-A215-70EDA61119EA}.Debug|Any CPU.ActiveCfg = Debug|Any CPU
		{C0F2A09D-9A03-4B8C-A215-70EDA61119EA}.Debug|Any CPU.Build.0 = Debug|Any CPU
		{C0F2A09D-9A03-4B8C-A215-70EDA61119EA}.Release|Any CPU.ActiveCfg = Release|Any CPU
		{C0F2A09D-9A03-4B8C-A215-70EDA61119EA}.Release|Any CPU.Build.0 = Release|Any CPU
	EndGlobalSection
	GlobalSection(SolutionProperties) = preSolution
		HideSolutionNode = FALSE
	EndGlobalSection
	GlobalSection(ExtensibilityGlobals) = postSolution
		SolutionGuid = {7F3A9EEC-A178-482A-988E-8FD0EA38ACD0}
	EndGlobalSection
EndGlobal
